
Microsoft Visual Studio Solution File, Format Version 12.00
# Visual Studio Version 17
VisualStudioVersion = 17.10.35201.131
MinimumVisualStudioVersion = 10.0.40219.1
Project("{8BC9CEB8-8B4A-11D0-8D11-00A0C91BC942}") = "Parallel computing", "Parallel computing.vcxproj", "{D2BFE73B-6609-4245-9B95-A52AA80E00AC}"
EndProject
Global
	GlobalSection(SolutionConfigurationPlatforms) = preSolution
		Debug|x64 = Debug|x64
		Debug|x86 = Debug|x86
		Release|x64 = Release|x64
		Release|x86 = Release|x86
	EndGlobalSection
	GlobalSection(ProjectConfigurationPlatforms) = postSolution
		{D2BFE73B-6609-4245-9B95-A52AA80E00AC}.Debug|x64.ActiveCfg = Debug|x64
		{D2BFE73B-6609-4245-9B95-A52AA80E00AC}.Debug|x64.Build.0 = Debug|x64
		{D2BFE73B-6609-4245-9B95-A52AA80E00AC}.Debug|x86.ActiveCfg = Debug|Win32
		{D2BFE73B-6609-4245-9B95-A52AA80E00AC}.Debug|x86.Build.0 = Debug|Win32
		{D2BFE73B-6609-4245-9B95-A52AA80E00AC}.Release|x64.ActiveCfg = Release|x64
		{D2BFE73B-6609-4245-9B95-A52AA80E00AC}.Release|x64.Build.0 = Release|x64
		{D2BFE73B-6609-4245-9B95-A52AA80E00AC}.Release|x86.ActiveCfg = Release|Win32
		{D2BFE73B-6609-4245-9B95-A52AA80E00AC}.Release|x86.Build.0 = Release|Win32
	EndGlobalSection
	GlobalSection(SolutionProperties) = preSolution
		HideSolutionNode = FALSE
	EndGlobalSection
	GlobalSection(ExtensibilityGlobals) = postSolution
		SolutionGuid = {F5AA9308-D1FF-4323-BD4D-E5CF54B2D7C4}
	EndGlobalSection
EndGlobal
